// !$*UTF8*$!
{
	archiveVersion = 1;
	classes = {
	};
	objectVersion = 46;
	objects = {

/* Begin PBXBuildFile section */
		FA2941DA1FDD795D00C475CC /* FrameworkExemple.framework in Frameworks */ = {isa = PBXBuildFile; fileRef = FA2941D01FDD795D00C475CC /* FrameworkExemple.framework */; };
		FA2941DF1FDD795D00C475CC /* FrameworkExempleTests.m in Sources */ = {isa = PBXBuildFile; fileRef = FA2941DE1FDD795D00C475CC /* FrameworkExempleTests.m */; };
		FA2941E11FDD795D00C475CC /* FrameworkExemple.h in Headers */ = {isa = PBXBuildFile; fileRef = FA2941D31FDD795D00C475CC /* FrameworkExemple.h */; settings = {ATTRIBUTES = (Public, ); }; };
		FA2941F01FDD79D900C475CC /* ExempleViewController.h in Headers */ = {isa = PBXBuildFile; fileRef = FA2941EE1FDD79D900C475CC /* ExempleViewController.h */; settings = {ATTRIBUTES = (Public, ); }; };
		FA2941F11FDD79D900C475CC /* ExempleViewController.m in Sources */ = {isa = PBXBuildFile; fileRef = FA2941EF1FDD79D900C475CC /* ExempleViewController.m */; };
		FA2942361FDDA22300C475CC /* Storyboard.storyboard in Resources */ = {isa = PBXBuildFile; fileRef = FA2942351FDDA22300C475CC /* Storyboard.storyboard */; };
		FA2942371FDDA6FD00C475CC /* Storyboard.storyboard in Headers */ = {isa = PBXBuildFile; fileRef = FA2942351FDDA22300C475CC /* Storyboard.storyboard */; settings = {ATTRIBUTES = (Public, ); }; };
/* End PBXBuildFile section */

/* Begin PBXContainerItemProxy section */
		FA2941DB1FDD795D00C475CC /* PBXContainerItemProxy */ = {
			isa = PBXContainerItemProxy;
			containerPortal = FA2941C71FDD795D00C475CC /* Project object */;
			proxyType = 1;
			remoteGlobalIDString = FA2941CF1FDD795D00C475CC;
			remoteInfo = FrameworkExemple;
		};
/* End PBXContainerItemProxy section */

/* Begin PBXFileReference section */
		FA2941D01FDD795D00C475CC /* FrameworkExemple.framework */ = {isa = PBXFileReference; explicitFileType = wrapper.framework; includeInIndex = 0; path = FrameworkExemple.framework; sourceTree = BUILT_PRODUCTS_DIR; };
		FA2941D31FDD795D00C475CC /* FrameworkExemple.h */ = {isa = PBXFileReference; lastKnownFileType = sourcecode.c.h; path = FrameworkExemple.h; sourceTree = "<group>"; };
		FA2941D41FDD795D00C475CC /* Info.plist */ = {isa = PBXFileReference; lastKnownFileType = text.plist.xml; path = Info.plist; sourceTree = "<group>"; };
		FA2941D91FDD795D00C475CC /* FrameworkExempleTests.xctest */ = {isa = PBXFileReference; explicitFileType = wrapper.cfbundle; includeInIndex = 0; path = FrameworkExempleTests.xctest; sourceTree = BUILT_PRODUCTS_DIR; };
		FA2941DE1FDD795D00C475CC /* FrameworkExempleTests.m */ = {isa = PBXFileReference; lastKnownFileType = sourcecode.c.objc; path = FrameworkExempleTests.m; sourceTree = "<group>"; };
		FA2941E01FDD795D00C475CC /* Info.plist */ = {isa = PBXFileReference; lastKnownFileType = text.plist.xml; path = Info.plist; sourceTree = "<group>"; };
		FA2941EE1FDD79D900C475CC /* ExempleViewController.h */ = {isa = PBXFileReference; fileEncoding = 4; lastKnownFileType = sourcecode.c.h; name = ExempleViewController.h; path = ../ExempleViewController.h; sourceTree = "<group>"; };
		FA2941EF1FDD79D900C475CC /* ExempleViewController.m */ = {isa = PBXFileReference; fileEncoding = 4; lastKnownFileType = sourcecode.c.objc; name = ExempleViewController.m; path = ../ExempleViewController.m; sourceTree = "<group>"; };
		FA2942351FDDA22300C475CC /* Storyboard.storyboard */ = {isa = PBXFileReference; fileEncoding = 4; lastKnownFileType = file.storyboard; path = Storyboard.storyboard; sourceTree = "<group>"; };
/* End PBXFileReference section */

/* Begin PBXFrameworksBuildPhase section */
		FA2941CC1FDD795D00C475CC /* Frameworks */ = {
			isa = PBXFrameworksBuildPhase;
			buildActionMask = 2147483647;
			files = (
			);
			runOnlyForDeploymentPostprocessing = 0;
		};
		FA2941D61FDD795D00C475CC /* Frameworks */ = {
			isa = PBXFrameworksBuildPhase;
			buildActionMask = 2147483647;
			files = (
				FA2941DA1FDD795D00C475CC /* FrameworkExemple.framework in Frameworks */,
			);
			runOnlyForDeploymentPostprocessing = 0;
		};
/* End PBXFrameworksBuildPhase section */

/* Begin PBXGroup section */
		FA2941C61FDD795D00C475CC = {
			isa = PBXGroup;
			children = (
				FA2941D21FDD795D00C475CC /* FrameworkExemple */,
				FA2941DD1FDD795D00C475CC /* FrameworkExempleTests */,
				FA2941D11FDD795D00C475CC /* Products */,
			);
			sourceTree = "<group>";
		};
		FA2941D11FDD795D00C475CC /* Products */ = {
			isa = PBXGroup;
			children = (
				FA2941D01FDD795D00C475CC /* FrameworkExemple.framework */,
				FA2941D91FDD795D00C475CC /* FrameworkExempleTests.xctest */,
			);
			name = Products;
			sourceTree = "<group>";
		};
		FA2941D21FDD795D00C475CC /* FrameworkExemple */ = {
			isa = PBXGroup;
			children = (
				FA2941EE1FDD79D900C475CC /* ExempleViewController.h */,
				FA2941EF1FDD79D900C475CC /* ExempleViewController.m */,
				FA2941D31FDD795D00C475CC /* FrameworkExemple.h */,
				FA2941D41FDD795D00C475CC /* Info.plist */,
				FA2942351FDDA22300C475CC /* Storyboard.storyboard */,
			);
			path = FrameworkExemple;
			sourceTree = "<group>";
		};
		FA2941DD1FDD795D00C475CC /* FrameworkExempleTests */ = {
			isa = PBXGroup;
			children = (
				FA2941DE1FDD795D00C475CC /* FrameworkExempleTests.m */,
				FA2941E01FDD795D00C475CC /* Info.plist */,
			);
			path = FrameworkExempleTests;
			sourceTree = "<group>";
		};
/* End PBXGroup section */

/* Begin PBXHeadersBuildPhase section */
		FA2941CD1FDD795D00C475CC /* Headers */ = {
			isa = PBXHeadersBuildPhase;
			buildActionMask = 2147483647;
			files = (
				FA2941F01FDD79D900C475CC /* ExempleViewController.h in Headers */,
				FA2941E11FDD795D00C475CC /* FrameworkExemple.h in Headers */,
				FA2942371FDDA6FD00C475CC /* Storyboard.storyboard in Headers */,
			);
			runOnlyForDeploymentPostprocessing = 0;
		};
/* End PBXHeadersBuildPhase section */

/* Begin PBXNativeTarget section */
		FA2941CF1FDD795D00C475CC /* FrameworkExemple */ = {
			isa = PBXNativeTarget;
			buildConfigurationList = FA2941E41FDD795D00C475CC /* Build configuration list for PBXNativeTarget "FrameworkExemple" */;
			buildPhases = (
				FA2941CB1FDD795D00C475CC /* Sources */,
				FA2941CC1FDD795D00C475CC /* Frameworks */,
				FA2941CD1FDD795D00C475CC /* Headers */,
				FA2941CE1FDD795D00C475CC /* Resources */,
			);
			buildRules = (
			);
			dependencies = (
			);
			name = FrameworkExemple;
			productName = FrameworkExemple;
			productReference = FA2941D01FDD795D00C475CC /* FrameworkExemple.framework */;
			productType = "com.apple.product-type.framework";
		};
		FA2941D81FDD795D00C475CC /* FrameworkExempleTests */ = {
			isa = PBXNativeTarget;
			buildConfigurationList = FA2941E71FDD795D00C475CC /* Build configuration list for PBXNativeTarget "FrameworkExempleTests" */;
			buildPhases = (
				FA2941D51FDD795D00C475CC /* Sources */,
				FA2941D61FDD795D00C475CC /* Frameworks */,
				FA2941D71FDD795D00C475CC /* Resources */,
			);
			buildRules = (
			);
			dependencies = (
				FA2941DC1FDD795D00C475CC /* PBXTargetDependency */,
			);
			name = FrameworkExempleTests;
			productName = FrameworkExempleTests;
			productReference = FA2941D91FDD795D00C475CC /* FrameworkExempleTests.xctest */;
			productType = "com.apple.product-type.bundle.unit-test";
		};
/* End PBXNativeTarget section */

/* Begin PBXProject section */
		FA2941C71FDD795D00C475CC /* Project object */ = {
			isa = PBXProject;
			attributes = {
				LastUpgradeCheck = 0820;
				ORGANIZATIONNAME = bessem;
				TargetAttributes = {
					FA2941CF1FDD795D00C475CC = {
						CreatedOnToolsVersion = 8.2.1;
						DevelopmentTeam = SKM6383J4N;
						ProvisioningStyle = Automatic;
					};
					FA2941D81FDD795D00C475CC = {
						CreatedOnToolsVersion = 8.2.1;
						DevelopmentTeam = SKM6383J4N;
						ProvisioningStyle = Automatic;
					};
				};
			};
			buildConfigurationList = FA2941CA1FDD795D00C475CC /* Build configuration list for PBXProject "FrameworkExemple" */;
			compatibilityVersion = "Xcode 3.2";
			developmentRegion = English;
			hasScannedForEncodings = 0;
			knownRegions = (
				en,
			);
			mainGroup = FA2941C61FDD795D00C475CC;
			productRefGroup = FA2941D11FDD795D00C475CC /* Products */;
			projectDirPath = "";
			projectRoot = "";
			targets = (
				FA2941CF1FDD795D00C475CC /* FrameworkExemple */,
				FA2941D81FDD795D00C475CC /* FrameworkExempleTests */,
			);
		};
/* End PBXProject section */

/* Begin PBXResourcesBuildPhase section */
		FA2941CE1FDD795D00C475CC /* Resources */ = {
			isa = PBXResourcesBuildPhase;
			buildActionMask = 2147483647;
			files = (
				FA2942361FDDA22300C475CC /* Storyboard.storyboard in Resources */,
			);
			runOnlyForDeploymentPostprocessing = 0;
		};
		FA2941D71FDD795D00C475CC /* Resources */ = {
			isa = PBXResourcesBuildPhase;
			buildActionMask = 2147483647;
			files = (
			);
			runOnlyForDeploymentPostprocessing = 0;
		};
/* End PBXResourcesBuildPhase section */

/* Begin PBXSourcesBuildPhase section */
		FA2941CB1FDD795D00C475CC /* Sources */ = {
			isa = PBXSourcesBuildPhase;
			buildActionMask = 2147483647;
			files = (
				FA2941F11FDD79D900C475CC /* ExempleViewController.m in Sources */,
			);
			runOnlyForDeploymentPostprocessing = 0;
		};
		FA2941D51FDD795D00C475CC /* Sources */ = {
			isa = PBXSourcesBuildPhase;
			buildActionMask = 2147483647;
			files = (
				FA2941DF1FDD795D00C475CC /* FrameworkExempleTests.m in Sources */,
			);
			runOnlyForDeploymentPostprocessing = 0;
		};
/* End PBXSourcesBuildPhase section */

/* Begin PBXTargetDependency section */
		FA2941DC1FDD795D00C475CC /* PBXTargetDependency */ = {
			isa = PBXTargetDependency;
			target = FA2941CF1FDD795D00C475CC /* FrameworkExemple */;
			targetProxy = FA2941DB1FDD795D00C475CC /* PBXContainerItemProxy */;
		};
/* End PBXTargetDependency section */

/* Begin XCBuildConfiguration section */
		FA2941E21FDD795D00C475CC /* Debug */ = {
			isa = XCBuildConfiguration;
			buildSettings = {
				ALWAYS_SEARCH_USER_PATHS = NO;
				CLANG_ANALYZER_NONNULL = YES;
				CLANG_CXX_LANGUAGE_STANDARD = "gnu++0x";
				CLANG_CXX_LIBRARY = "libc++";
				CLANG_ENABLE_MODULES = YES;
				CLANG_ENABLE_OBJC_ARC = YES;
				CLANG_WARN_BOOL_CONVERSION = YES;
				CLANG_WARN_CONSTANT_CONVERSION = YES;
				CLANG_WARN_DIRECT_OBJC_ISA_USAGE = YES_ERROR;
				CLANG_WARN_DOCUMENTATION_COMMENTS = YES;
				CLANG_WARN_EMPTY_BODY = YES;
				CLANG_WARN_ENUM_CONVERSION = YES;
				CLANG_WARN_INFINITE_RECURSION = YES;
				CLANG_WARN_INT_CONVERSION = YES;
				CLANG_WARN_OBJC_ROOT_CLASS = YES_ERROR;
				CLANG_WARN_SUSPICIOUS_MOVE = YES;
				CLANG_WARN_UNREACHABLE_CODE = YES;
				CLANG_WARN__DUPLICATE_METHOD_MATCH = YES;
				"CODE_SIGN_IDENTITY[sdk=iphoneos*]" = "iPhone Developer";
				COPY_PHASE_STRIP = NO;
				CURRENT_PROJECT_VERSION = 1;
				DEBUG_INFORMATION_FORMAT = dwarf;
				ENABLE_STRICT_OBJC_MSGSEND = YES;
				ENABLE_TESTABILITY = YES;
				GCC_C_LANGUAGE_STANDARD = gnu99;
				GCC_DYNAMIC_NO_PIC = NO;
				GCC_NO_COMMON_BLOCKS = YES;
				GCC_OPTIMIZATION_LEVEL = 0;
				GCC_PREPROCESSOR_DEFINITIONS = (
					"DEBUG=1",
					"$(inherited)",
				);
				GCC_WARN_64_TO_32_BIT_CONVERSION = YES;
				GCC_WARN_ABOUT_RETURN_TYPE = YES_ERROR;
				GCC_WARN_UNDECLARED_SELECTOR = YES;
				GCC_WARN_UNINITIALIZED_AUTOS = YES_AGGRESSIVE;
				GCC_WARN_UNUSED_FUNCTION = YES;
				GCC_WARN_UNUSED_VARIABLE = YES;
				IPHONEOS_DEPLOYMENT_TARGET = 10.2;
				MTL_ENABLE_DEBUG_INFO = YES;
				ONLY_ACTIVE_ARCH = YES;
				SDKROOT = iphoneos;
				TARGETED_DEVICE_FAMILY = "1,2";
				VERSIONING_SYSTEM = "apple-generic";
				VERSION_INFO_PREFIX = "";
			};
			name = Debug;
		};
		FA2941E31FDD795D00C475CC /* Release */ = {
			isa = XCBuildConfiguration;
			buildSettings = {
				ALWAYS_SEARCH_USER_PATHS = NO;
				CLANG_ANALYZER_NONNULL = YES;
				CLANG_CXX_LANGUAGE_STANDARD = "gnu++0x";
				CLANG_CXX_LIBRARY = "libc++";
				CLANG_ENABLE_MODULES = YES;
				CLANG_ENABLE_OBJC_ARC = YES;
				CLANG_WARN_BOOL_CONVERSION = YES;
				CLANG_WARN_CONSTANT_CONVERSION = YES;
				CLANG_WARN_DIRECT_OBJC_ISA_USAGE = YES_ERROR;
				CLANG_WARN_DOCUMENTATION_COMMENTS = YES;
				CLANG_WARN_EMPTY_BODY = YES;
				CLANG_WARN_ENUM_CONVERSION = YES;
				CLANG_WARN_INFINITE_RECURSION = YES;
				CLANG_WARN_INT_CONVERSION = YES;
				CLANG_WARN_OBJC_ROOT_CLASS = YES_ERROR;
				CLANG_WARN_SUSPICIOUS_MOVE = YES;
				CLANG_WARN_UNREACHABLE_CODE = YES;
				CLANG_WARN__DUPLICATE_METHOD_MATCH = YES;
				"CODE_SIGN_IDENTITY[sdk=iphoneos*]" = "iPhone Developer";
				COPY_PHASE_STRIP = NO;
				CURRENT_PROJECT_VERSION = 1;
				DEBUG_INFORMATION_FORMAT = "dwarf-with-dsym";
				ENABLE_NS_ASSERTIONS = NO;
				ENABLE_STRICT_OBJC_MSGSEND = YES;
				GCC_C_LANGUAGE_STANDARD = gnu99;
				GCC_NO_COMMON_BLOCKS = YES;
				GCC_WARN_64_TO_32_BIT_CONVERSION = YES;
				GCC_WARN_ABOUT_RETURN_TYPE = YES_ERROR;
				GCC_WARN_UNDECLARED_SELECTOR = YES;
				GCC_WARN_UNINITIALIZED_AUTOS = YES_AGGRESSIVE;
				GCC_WARN_UNUSED_FUNCTION = YES;
				GCC_WARN_UNUSED_VARIABLE = YES;
				IPHONEOS_DEPLOYMENT_TARGET = 10.2;
				MTL_ENABLE_DEBUG_INFO = NO;
				SDKROOT = iphoneos;
				TARGETED_DEVICE_FAMILY = "1,2";
				VALIDATE_PRODUCT = YES;
				VERSIONING_SYSTEM = "apple-generic";
				VERSION_INFO_PREFIX = "";
			};
			name = Release;
		};
		FA2941E51FDD795D00C475CC /* Debug */ = {
			isa = XCBuildConfiguration;
			buildSettings = {
				CODE_SIGN_IDENTITY = "";
				DEFINES_MODULE = YES;
				DEVELOPMENT_TEAM = SKM6383J4N;
				DYLIB_COMPATIBILITY_VERSION = 1;
				DYLIB_CURRENT_VERSION = 1;
				DYLIB_INSTALL_NAME_BASE = "@rpath";
				INFOPLIST_FILE = FrameworkExemple/Info.plist;
				INSTALL_PATH = "$(LOCAL_LIBRARY_DIR)/Frameworks";
				LD_RUNPATH_SEARCH_PATHS = "$(inherited) @executable_path/Frameworks @loader_path/Frameworks";
				PRODUCT_BUNDLE_IDENTIFIER = com.bessem.FrameworkExemple;
				PRODUCT_NAME = "$(TARGET_NAME)";
				SKIP_INSTALL = YES;
			};
			name = Debug;
		};
		FA2941E61FDD795D00C475CC /* Release */ = {
			isa = XCBuildConfiguration;
			buildSettings = {
				CODE_SIGN_IDENTITY = "";
				DEFINES_MODULE = YES;
				DEVELOPMENT_TEAM = SKM6383J4N;
				DYLIB_COMPATIBILITY_VERSION = 1;
				DYLIB_CURRENT_VERSION = 1;
				DYLIB_INSTALL_NAME_BASE = "@rpath";
				INFOPLIST_FILE = FrameworkExemple/Info.plist;
				INSTALL_PATH = "$(LOCAL_LIBRARY_DIR)/Frameworks";
				LD_RUNPATH_SEARCH_PATHS = "$(inherited) @executable_path/Frameworks @loader_path/Frameworks";
				PRODUCT_BUNDLE_IDENTIFIER = com.bessem.FrameworkExemple;
				PRODUCT_NAME = "$(TARGET_NAME)";
				SKIP_INSTALL = YES;
			};
			name = Release;
		};
		FA2941E81FDD795D00C475CC /* Debug */ = {
			isa = XCBuildConfiguration;
			buildSettings = {
				DEVELOPMENT_TEAM = SKM6383J4N;
				INFOPLIST_FILE = FrameworkExempleTests/Info.plist;
				LD_RUNPATH_SEARCH_PATHS = "$(inherited) @executable_path/Frameworks @loader_path/Frameworks";
				PRODUCT_BUNDLE_IDENTIFIER = com.bessem.FrameworkExempleTests;
				PRODUCT_NAME = "$(TARGET_NAME)";
			};
			name = Debug;
		};
		FA2941E91FDD795D00C475CC /* Release */ = {
			isa = XCBuildConfiguration;
			buildSettings = {
				DEVELOPMENT_TEAM = SKM6383J4N;
				INFOPLIST_FILE = FrameworkExempleTests/Info.plist;
				LD_RUNPATH_SEARCH_PATHS = "$(inherited) @executable_path/Frameworks @loader_path/Frameworks";
				PRODUCT_BUNDLE_IDENTIFIER = com.bessem.FrameworkExempleTests;
				PRODUCT_NAME = "$(TARGET_NAME)";
			};
			name = Release;
		};
/* End XCBuildConfiguration section */

/* Begin XCConfigurationList section */
		FA2941CA1FDD795D00C475CC /* Build configuration list for PBXProject "FrameworkExemple" */ = {
			isa = XCConfigurationList;
			buildConfigurations = (
				FA2941E21FDD795D00C475CC /* Debug */,
				FA2941E31FDD795D00C475CC /* Release */,
			);
			defaultConfigurationIsVisible = 0;
			defaultConfigurationName = Release;
		};
		FA2941E41FDD795D00C475CC /* Build configuration list for PBXNativeTarget "FrameworkExemple" */ = {
			isa = XCConfigurationList;
			buildConfigurations = (
				FA2941E51FDD795D00C475CC /* Debug */,
				FA2941E61FDD795D00C475CC /* Release */,
			);
			defaultConfigurationIsVisible = 0;
			defaultConfigurationName = Release;
		};
		FA2941E71FDD795D00C475CC /* Build configuration list for PBXNativeTarget "FrameworkExempleTests" */ = {
			isa = XCConfigurationList;
			buildConfigurations = (
				FA2941E81FDD795D00C475CC /* Debug */,
				FA2941E91FDD795D00C475CC /* Release */,
			);
			defaultConfigurationIsVisible = 0;
			defaultConfigurationName = Release;
		};
/* End XCConfigurationList section */
	};
	rootObject = FA2941C71FDD795D00C475CC /* Project object */;
}
